
Microsoft Visual Studio Solution File, Format Version 12.00
# Visual Studio Version 17
VisualStudioVersion = 17.11.35327.3
MinimumVisualStudioVersion = 10.0.40219.1
Project("{FAE04EC0-301F-11D3-BF4B-00C04F79EFBC}") = "Lap4.2", "Lap4.2\Lap4.2.csproj", "{F8A35CDA-7AED-41AA-8B0F-64EDFE461739}"
EndProject
Global
	GlobalSection(SolutionConfigurationPlatforms) = preSolution
		Debug|Any CPU = Debug|Any CPU
		Release|Any CPU = Release|Any CPU
	EndGlobalSection
	GlobalSection(ProjectConfigurationPlatforms) = postSolution
		{F8A35CDA-7AED-41AA-8B0F-64EDFE461739}.Debug|Any CPU.ActiveCfg = Debug|Any CPU
		{F8A35CDA-7AED-41AA-8B0F-64EDFE461739}.Debug|Any CPU.Build.0 = Debug|Any CPU
		{F8A35CDA-7AED-41AA-8B0F-64EDFE461739}.Release|Any CPU.ActiveCfg = Release|Any CPU
		{F8A35CDA-7AED-41AA-8B0F-64EDFE461739}.Release|Any CPU.Build.0 = Release|Any CPU
	EndGlobalSection
	GlobalSection(SolutionProperties) = preSolution
		HideSolutionNode = FALSE
	EndGlobalSection
	GlobalSection(ExtensibilityGlobals) = postSolution
		SolutionGuid = {30F76323-F242-40D7-ACF2-C1F514D75554}
	EndGlobalSection
EndGlobal
