
Microsoft Visual Studio Solution File, Format Version 12.00
# Visual Studio Version 17
VisualStudioVersion = 17.11.35327.3
MinimumVisualStudioVersion = 10.0.40219.1
Project("{FAE04EC0-301F-11D3-BF4B-00C04F79EFBC}") = "Lap4.1", "Lap4.1\Lap4.1.csproj", "{44D95ABA-484A-45F1-8B0B-079F73FE26C5}"
EndProject
Global
	GlobalSection(SolutionConfigurationPlatforms) = preSolution
		Debug|Any CPU = Debug|Any CPU
		Release|Any CPU = Release|Any CPU
	EndGlobalSection
	GlobalSection(ProjectConfigurationPlatforms) = postSolution
		{44D95ABA-484A-45F1-8B0B-079F73FE26C5}.Debug|Any CPU.ActiveCfg = Debug|Any CPU
		{44D95ABA-484A-45F1-8B0B-079F73FE26C5}.Debug|Any CPU.Build.0 = Debug|Any CPU
		{44D95ABA-484A-45F1-8B0B-079F73FE26C5}.Release|Any CPU.ActiveCfg = Release|Any CPU
		{44D95ABA-484A-45F1-8B0B-079F73FE26C5}.Release|Any CPU.Build.0 = Release|Any CPU
	EndGlobalSection
	GlobalSection(SolutionProperties) = preSolution
		HideSolutionNode = FALSE
	EndGlobalSection
	GlobalSection(ExtensibilityGlobals) = postSolution
		SolutionGuid = {D2FCD04E-14C1-4B7D-9BBD-56B87AB3CE5A}
	EndGlobalSection
EndGlobal
